// !$*UTF8*$!
{
	archiveVersion = 1;
	classes = {
	};
	objectVersion = 50;
	objects = {

/* Begin PBXBuildFile section */
		304957262124217A00902033 /* AppDelegate.m in Sources */ = {isa = PBXBuildFile; fileRef = 304957252124217A00902033 /* AppDelegate.m */; };
		304957292124217A00902033 /* ViewController.m in Sources */ = {isa = PBXBuildFile; fileRef = 304957282124217A00902033 /* ViewController.m */; };
		3049572C2124217A00902033 /* Main.storyboard in Resources */ = {isa = PBXBuildFile; fileRef = 3049572A2124217A00902033 /* Main.storyboard */; };
		3049572E2124217B00902033 /* Assets.xcassets in Resources */ = {isa = PBXBuildFile; fileRef = 3049572D2124217B00902033 /* Assets.xcassets */; };
		304957312124217B00902033 /* LaunchScreen.storyboard in Resources */ = {isa = PBXBuildFile; fileRef = 3049572F2124217B00902033 /* LaunchScreen.storyboard */; };
		304957342124217B00902033 /* main.m in Sources */ = {isa = PBXBuildFile; fileRef = 304957332124217B00902033 /* main.m */; };
		3049573D2124302100902033 /* QKBrowserImageV.m in Sources */ = {isa = PBXBuildFile; fileRef = 3049573C2124302100902033 /* QKBrowserImageV.m */; };
		304957402124310400902033 /* QKBrowserWatingView.m in Sources */ = {isa = PBXBuildFile; fileRef = 3049573F2124310400902033 /* QKBrowserWatingView.m */; };
		304957442124373F00902033 /* QKPhotoBrowser.m in Sources */ = {isa = PBXBuildFile; fileRef = 304957432124373F00902033 /* QKPhotoBrowser.m */; };
		304957472125274000902033 /* QKDemoCollectionCell.m in Sources */ = {isa = PBXBuildFile; fileRef = 304957462125274000902033 /* QKDemoCollectionCell.m */; };
		3049574D2125343A00902033 /* QKPlayerLayerView.m in Sources */ = {isa = PBXBuildFile; fileRef = 3049574A2125343900902033 /* QKPlayerLayerView.m */; };
		3049574E2125343A00902033 /* QKPlayerFlashView.m in Sources */ = {isa = PBXBuildFile; fileRef = 3049574C2125343900902033 /* QKPlayerFlashView.m */; };
		E9E8456630946EDDDAE18FE0 /* libPods-QKBrowser.a in Frameworks */ = {isa = PBXBuildFile; fileRef = 34F27F75EAEF9EE20A79C9BE /* libPods-QKBrowser.a */; };
/* End PBXBuildFile section */

/* Begin PBXFileReference section */
		213927A6CA98236E413BC331 /* Pods-QKBrowser.debug.xcconfig */ = {isa = PBXFileReference; includeInIndex = 1; lastKnownFileType = text.xcconfig; name = "Pods-QKBrowser.debug.xcconfig"; path = "Pods/Target Support Files/Pods-QKBrowser/Pods-QKBrowser.debug.xcconfig"; sourceTree = "<group>"; };
		304957212124217A00902033 /* QKBrowser.app */ = {isa = PBXFileReference; explicitFileType = wrapper.application; includeInIndex = 0; path = QKBrowser.app; sourceTree = BUILT_PRODUCTS_DIR; };
		304957242124217A00902033 /* AppDelegate.h */ = {isa = PBXFileReference; lastKnownFileType = sourcecode.c.h; path = AppDelegate.h; sourceTree = "<group>"; };
		304957252124217A00902033 /* AppDelegate.m */ = {isa = PBXFileReference; lastKnownFileType = sourcecode.c.objc; path = AppDelegate.m; sourceTree = "<group>"; };
		304957272124217A00902033 /* ViewController.h */ = {isa = PBXFileReference; lastKnownFileType = sourcecode.c.h; path = ViewController.h; sourceTree = "<group>"; };
		304957282124217A00902033 /* ViewController.m */ = {isa = PBXFileReference; lastKnownFileType = sourcecode.c.objc; path = ViewController.m; sourceTree = "<group>"; };
		3049572B2124217A00902033 /* Base */ = {isa = PBXFileReference; lastKnownFileType = file.storyboard; name = Base; path = Base.lproj/Main.storyboard; sourceTree = "<group>"; };
		3049572D2124217B00902033 /* Assets.xcassets */ = {isa = PBXFileReference; lastKnownFileType = folder.assetcatalog; path = Assets.xcassets; sourceTree = "<group>"; };
		304957302124217B00902033 /* Base */ = {isa = PBXFileReference; lastKnownFileType = file.storyboard; name = Base; path = Base.lproj/LaunchScreen.storyboard; sourceTree = "<group>"; };
		304957322124217B00902033 /* Info.plist */ = {isa = PBXFileReference; lastKnownFileType = text.plist.xml; path = Info.plist; sourceTree = "<group>"; };
		304957332124217B00902033 /* main.m */ = {isa = PBXFileReference; lastKnownFileType = sourcecode.c.objc; path = main.m; sourceTree = "<group>"; };
		3049573B2124302100902033 /* QKBrowserImageV.h */ = {isa = PBXFileReference; lastKnownFileType = sourcecode.c.h; path = QKBrowserImageV.h; sourceTree = "<group>"; };
		3049573C2124302100902033 /* QKBrowserImageV.m */ = {isa = PBXFileReference; lastKnownFileType = sourcecode.c.objc; path = QKBrowserImageV.m; sourceTree = "<group>"; };
		3049573E2124310400902033 /* QKBrowserWatingView.h */ = {isa = PBXFileReference; lastKnownFileType = sourcecode.c.h; path = QKBrowserWatingView.h; sourceTree = "<group>"; };
		3049573F2124310400902033 /* QKBrowserWatingView.m */ = {isa = PBXFileReference; lastKnownFileType = sourcecode.c.objc; path = QKBrowserWatingView.m; sourceTree = "<group>"; };
		304957422124373F00902033 /* QKPhotoBrowser.h */ = {isa = PBXFileReference; lastKnownFileType = sourcecode.c.h; path = QKPhotoBrowser.h; sourceTree = "<group>"; };
		304957432124373F00902033 /* QKPhotoBrowser.m */ = {isa = PBXFileReference; lastKnownFileType = sourcecode.c.objc; path = QKPhotoBrowser.m; sourceTree = "<group>"; };
		304957452125274000902033 /* QKDemoCollectionCell.h */ = {isa = PBXFileReference; lastKnownFileType = sourcecode.c.h; path = QKDemoCollectionCell.h; sourceTree = "<group>"; };
		304957462125274000902033 /* QKDemoCollectionCell.m */ = {isa = PBXFileReference; lastKnownFileType = sourcecode.c.objc; path = QKDemoCollectionCell.m; sourceTree = "<group>"; };
		304957492125343900902033 /* QKPlayerLayerView.h */ = {isa = PBXFileReference; fileEncoding = 4; lastKnownFileType = sourcecode.c.h; path = QKPlayerLayerView.h; sourceTree = "<group>"; };
		3049574A2125343900902033 /* QKPlayerLayerView.m */ = {isa = PBXFileReference; fileEncoding = 4; lastKnownFileType = sourcecode.c.objc; path = QKPlayerLayerView.m; sourceTree = "<group>"; };
		3049574B2125343900902033 /* QKPlayerFlashView.h */ = {isa = PBXFileReference; fileEncoding = 4; lastKnownFileType = sourcecode.c.h; path = QKPlayerFlashView.h; sourceTree = "<group>"; };
		3049574C2125343900902033 /* QKPlayerFlashView.m */ = {isa = PBXFileReference; fileEncoding = 4; lastKnownFileType = sourcecode.c.objc; path = QKPlayerFlashView.m; sourceTree = "<group>"; };
		34F27F75EAEF9EE20A79C9BE /* libPods-QKBrowser.a */ = {isa = PBXFileReference; explicitFileType = archive.ar; includeInIndex = 0; path = "libPods-QKBrowser.a"; sourceTree = BUILT_PRODUCTS_DIR; };
		5F9D0B6A825B6854E5242B74 /* Pods-QKBrowser.release.xcconfig */ = {isa = PBXFileReference; includeInIndex = 1; lastKnownFileType = text.xcconfig; name = "Pods-QKBrowser.release.xcconfig"; path = "Pods/Target Support Files/Pods-QKBrowser/Pods-QKBrowser.release.xcconfig"; sourceTree = "<group>"; };
/* End PBXFileReference section */

/* Begin PBXFrameworksBuildPhase section */
		3049571E2124217A00902033 /* Frameworks */ = {
			isa = PBXFrameworksBuildPhase;
			buildActionMask = 2147483647;
			files = (
				E9E8456630946EDDDAE18FE0 /* libPods-QKBrowser.a in Frameworks */,
			);
			runOnlyForDeploymentPostprocessing = 0;
		};
/* End PBXFrameworksBuildPhase section */

/* Begin PBXGroup section */
		304957182124217A00902033 = {
			isa = PBXGroup;
			children = (
				304957232124217A00902033 /* QKBrowser */,
				304957222124217A00902033 /* Products */,
				F9E00B73CF4D2EF6C0523EC9 /* Pods */,
				D74A4C86B2D739E9B9D416D6 /* Frameworks */,
			);
			sourceTree = "<group>";
		};
		304957222124217A00902033 /* Products */ = {
			isa = PBXGroup;
			children = (
				304957212124217A00902033 /* QKBrowser.app */,
			);
			name = Products;
			sourceTree = "<group>";
		};
		304957232124217A00902033 /* QKBrowser */ = {
			isa = PBXGroup;
			children = (
				3049573A21242FDA00902033 /* project */,
				304957242124217A00902033 /* AppDelegate.h */,
				304957252124217A00902033 /* AppDelegate.m */,
				304957272124217A00902033 /* ViewController.h */,
				304957282124217A00902033 /* ViewController.m */,
				304957452125274000902033 /* QKDemoCollectionCell.h */,
				304957462125274000902033 /* QKDemoCollectionCell.m */,
				3049572A2124217A00902033 /* Main.storyboard */,
				3049572D2124217B00902033 /* Assets.xcassets */,
				3049572F2124217B00902033 /* LaunchScreen.storyboard */,
				304957322124217B00902033 /* Info.plist */,
				304957332124217B00902033 /* main.m */,
			);
			path = QKBrowser;
			sourceTree = "<group>";
		};
		3049573A21242FDA00902033 /* project */ = {
			isa = PBXGroup;
			children = (
				3049573B2124302100902033 /* QKBrowserImageV.h */,
				3049573C2124302100902033 /* QKBrowserImageV.m */,
				3049573E2124310400902033 /* QKBrowserWatingView.h */,
				3049573F2124310400902033 /* QKBrowserWatingView.m */,
				304957422124373F00902033 /* QKPhotoBrowser.h */,
				304957432124373F00902033 /* QKPhotoBrowser.m */,
				3049574B2125343900902033 /* QKPlayerFlashView.h */,
				3049574C2125343900902033 /* QKPlayerFlashView.m */,
				304957492125343900902033 /* QKPlayerLayerView.h */,
				3049574A2125343900902033 /* QKPlayerLayerView.m */,
			);
			path = project;
			sourceTree = "<group>";
		};
		D74A4C86B2D739E9B9D416D6 /* Frameworks */ = {
			isa = PBXGroup;
			children = (
				34F27F75EAEF9EE20A79C9BE /* libPods-QKBrowser.a */,
			);
			name = Frameworks;
			sourceTree = "<group>";
		};
		F9E00B73CF4D2EF6C0523EC9 /* Pods */ = {
			isa = PBXGroup;
			children = (
				213927A6CA98236E413BC331 /* Pods-QKBrowser.debug.xcconfig */,
				5F9D0B6A825B6854E5242B74 /* Pods-QKBrowser.release.xcconfig */,
			);
			name = Pods;
			sourceTree = "<group>";
		};
/* End PBXGroup section */

/* Begin PBXNativeTarget section */
		304957202124217A00902033 /* QKBrowser */ = {
			isa = PBXNativeTarget;
			buildConfigurationList = 304957372124217B00902033 /* Build configuration list for PBXNativeTarget "QKBrowser" */;
			buildPhases = (
				7CD190DBF734B8EF93E6AD85 /* [CP] Check Pods Manifest.lock */,
				3049571D2124217A00902033 /* Sources */,
				3049571E2124217A00902033 /* Frameworks */,
				3049571F2124217A00902033 /* Resources */,
			);
			buildRules = (
			);
			dependencies = (
			);
			name = QKBrowser;
			productName = QKBrowser;
			productReference = 304957212124217A00902033 /* QKBrowser.app */;
			productType = "com.apple.product-type.application";
		};
/* End PBXNativeTarget section */

/* Begin PBXProject section */
		304957192124217A00902033 /* Project object */ = {
			isa = PBXProject;
			attributes = {
				LastUpgradeCheck = 0940;
				ORGANIZATIONNAME = "秦恺";
				TargetAttributes = {
					304957202124217A00902033 = {
						CreatedOnToolsVersion = 9.4.1;
					};
				};
			};
			buildConfigurationList = 3049571C2124217A00902033 /* Build configuration list for PBXProject "QKBrowser" */;
			compatibilityVersion = "Xcode 9.3";
			developmentRegion = en;
			hasScannedForEncodings = 0;
			knownRegions = (
				en,
				Base,
			);
			mainGroup = 304957182124217A00902033;
			productRefGroup = 304957222124217A00902033 /* Products */;
			projectDirPath = "";
			projectRoot = "";
			targets = (
				304957202124217A00902033 /* QKBrowser */,
			);
		};
/* End PBXProject section */

/* Begin PBXResourcesBuildPhase section */
		3049571F2124217A00902033 /* Resources */ = {
			isa = PBXResourcesBuildPhase;
			buildActionMask = 2147483647;
			files = (
				304957312124217B00902033 /* LaunchScreen.storyboard in Resources */,
				3049572E2124217B00902033 /* Assets.xcassets in Resources */,
				3049572C2124217A00902033 /* Main.storyboard in Resources */,
			);
			runOnlyForDeploymentPostprocessing = 0;
		};
/* End PBXResourcesBuildPhase section */

/* Begin PBXShellScriptBuildPhase section */
		7CD190DBF734B8EF93E6AD85 /* [CP] Check Pods Manifest.lock */ = {
			isa = PBXShellScriptBuildPhase;
			buildActionMask = 2147483647;
			files = (
			);
			inputPaths = (
				"${PODS_PODFILE_DIR_PATH}/Podfile.lock",
				"${PODS_ROOT}/Manifest.lock",
			);
			name = "[CP] Check Pods Manifest.lock";
			outputPaths = (
				"$(DERIVED_FILE_DIR)/Pods-QKBrowser-checkManifestLockResult.txt",
			);
			runOnlyForDeploymentPostprocessing = 0;
			shellPath = /bin/sh;
			shellScript = "diff \"${PODS_PODFILE_DIR_PATH}/Podfile.lock\" \"${PODS_ROOT}/Manifest.lock\" > /dev/null\nif [ $? != 0 ] ; then\n    # print error to STDERR\n    echo \"error: The sandbox is not in sync with the Podfile.lock. Run 'pod install' or update your CocoaPods installation.\" >&2\n    exit 1\nfi\n# This output is used by Xcode 'outputs' to avoid re-running this script phase.\necho \"SUCCESS\" > \"${SCRIPT_OUTPUT_FILE_0}\"\n";
			showEnvVarsInLog = 0;
		};
/* End PBXShellScriptBuildPhase section */

/* Begin PBXSourcesBuildPhase section */
		3049571D2124217A00902033 /* Sources */ = {
			isa = PBXSourcesBuildPhase;
			buildActionMask = 2147483647;
			files = (
				304957292124217A00902033 /* ViewController.m in Sources */,
				3049573D2124302100902033 /* QKBrowserImageV.m in Sources */,
				304957472125274000902033 /* QKDemoCollectionCell.m in Sources */,
				304957342124217B00902033 /* main.m in Sources */,
				304957442124373F00902033 /* QKPhotoBrowser.m in Sources */,
				304957402124310400902033 /* QKBrowserWatingView.m in Sources */,
				304957262124217A00902033 /* AppDelegate.m in Sources */,
				3049574E2125343A00902033 /* QKPlayerFlashView.m in Sources */,
				3049574D2125343A00902033 /* QKPlayerLayerView.m in Sources */,
			);
			runOnlyForDeploymentPostprocessing = 0;
		};
/* End PBXSourcesBuildPhase section */

/* Begin PBXVariantGroup section */
		3049572A2124217A00902033 /* Main.storyboard */ = {
			isa = PBXVariantGroup;
			children = (
				3049572B2124217A00902033 /* Base */,
			);
			name = Main.storyboard;
			sourceTree = "<group>";
		};
		3049572F2124217B00902033 /* LaunchScreen.storyboard */ = {
			isa = PBXVariantGroup;
			children = (
				304957302124217B00902033 /* Base */,
			);
			name = LaunchScreen.storyboard;
			sourceTree = "<group>";
		};
/* End PBXVariantGroup section */

/* Begin XCBuildConfiguration section */
		304957352124217B00902033 /* Debug */ = {
			isa = XCBuildConfiguration;
			buildSettings = {
				ALWAYS_SEARCH_USER_PATHS = NO;
				CLANG_ANALYZER_NONNULL = YES;
				CLANG_ANALYZER_NUMBER_OBJECT_CONVERSION = YES_AGGRESSIVE;
				CLANG_CXX_LANGUAGE_STANDARD = "gnu++14";
				CLANG_CXX_LIBRARY = "libc++";
				CLANG_ENABLE_MODULES = YES;
				CLANG_ENABLE_OBJC_ARC = YES;
				CLANG_ENABLE_OBJC_WEAK = YES;
				CLANG_WARN_BLOCK_CAPTURE_AUTORELEASING = YES;
				CLANG_WARN_BOOL_CONVERSION = YES;
				CLANG_WARN_COMMA = YES;
				CLANG_WARN_CONSTANT_CONVERSION = YES;
				CLANG_WARN_DEPRECATED_OBJC_IMPLEMENTATIONS = YES;
				CLANG_WARN_DIRECT_OBJC_ISA_USAGE = YES_ERROR;
				CLANG_WARN_DOCUMENTATION_COMMENTS = YES;
				CLANG_WARN_EMPTY_BODY = YES;
				CLANG_WARN_ENUM_CONVERSION = YES;
				CLANG_WARN_INFINITE_RECURSION = YES;
				CLANG_WARN_INT_CONVERSION = YES;
				CLANG_WARN_NON_LITERAL_NULL_CONVERSION = YES;
				CLANG_WARN_OBJC_IMPLICIT_RETAIN_SELF = YES;
				CLANG_WARN_OBJC_LITERAL_CONVERSION = YES;
				CLANG_WARN_OBJC_ROOT_CLASS = YES_ERROR;
				CLANG_WARN_RANGE_LOOP_ANALYSIS = YES;
				CLANG_WARN_STRICT_PROTOTYPES = YES;
				CLANG_WARN_SUSPICIOUS_MOVE = YES;
				CLANG_WARN_UNGUARDED_AVAILABILITY = YES_AGGRESSIVE;
				CLANG_WARN_UNREACHABLE_CODE = YES;
				CLANG_WARN__DUPLICATE_METHOD_MATCH = YES;
				CODE_SIGN_IDENTITY = "iPhone Developer";
				COPY_PHASE_STRIP = NO;
				DEBUG_INFORMATION_FORMAT = dwarf;
				ENABLE_STRICT_OBJC_MSGSEND = YES;
				ENABLE_TESTABILITY = YES;
				GCC_C_LANGUAGE_STANDARD = gnu11;
				GCC_DYNAMIC_NO_PIC = NO;
				GCC_NO_COMMON_BLOCKS = YES;
				GCC_OPTIMIZATION_LEVEL = 0;
				GCC_PREPROCESSOR_DEFINITIONS = (
					"DEBUG=1",
					"$(inherited)",
				);
				GCC_WARN_64_TO_32_BIT_CONVERSION = YES;
				GCC_WARN_ABOUT_RETURN_TYPE = YES_ERROR;
				GCC_WARN_UNDECLARED_SELECTOR = YES;
				GCC_WARN_UNINITIALIZED_AUTOS = YES_AGGRESSIVE;
				GCC_WARN_UNUSED_FUNCTION = YES;
				GCC_WARN_UNUSED_VARIABLE = YES;
				IPHONEOS_DEPLOYMENT_TARGET = 11.4;
				MTL_ENABLE_DEBUG_INFO = YES;
				ONLY_ACTIVE_ARCH = YES;
				SDKROOT = iphoneos;
			};
			name = Debug;
		};
		304957362124217B00902033 /* Release */ = {
			isa = XCBuildConfiguration;
			buildSettings = {
				ALWAYS_SEARCH_USER_PATHS = NO;
				CLANG_ANALYZER_NONNULL = YES;
				CLANG_ANALYZER_NUMBER_OBJECT_CONVERSION = YES_AGGRESSIVE;
				CLANG_CXX_LANGUAGE_STANDARD = "gnu++14";
				CLANG_CXX_LIBRARY = "libc++";
				CLANG_ENABLE_MODULES = YES;
				CLANG_ENABLE_OBJC_ARC = YES;
				CLANG_ENABLE_OBJC_WEAK = YES;
				CLANG_WARN_BLOCK_CAPTURE_AUTORELEASING = YES;
				CLANG_WARN_BOOL_CONVERSION = YES;
				CLANG_WARN_COMMA = YES;
				CLANG_WARN_CONSTANT_CONVERSION = YES;
				CLANG_WARN_DEPRECATED_OBJC_IMPLEMENTATIONS = YES;
				CLANG_WARN_DIRECT_OBJC_ISA_USAGE = YES_ERROR;
				CLANG_WARN_DOCUMENTATION_COMMENTS = YES;
				CLANG_WARN_EMPTY_BODY = YES;
				CLANG_WARN_ENUM_CONVERSION = YES;
				CLANG_WARN_INFINITE_RECURSION = YES;
				CLANG_WARN_INT_CONVERSION = YES;
				CLANG_WARN_NON_LITERAL_NULL_CONVERSION = YES;
				CLANG_WARN_OBJC_IMPLICIT_RETAIN_SELF = YES;
				CLANG_WARN_OBJC_LITERAL_CONVERSION = YES;
				CLANG_WARN_OBJC_ROOT_CLASS = YES_ERROR;
				CLANG_WARN_RANGE_LOOP_ANALYSIS = YES;
				CLANG_WARN_STRICT_PROTOTYPES = YES;
				CLANG_WARN_SUSPICIOUS_MOVE = YES;
				CLANG_WARN_UNGUARDED_AVAILABILITY = YES_AGGRESSIVE;
				CLANG_WARN_UNREACHABLE_CODE = YES;
				CLANG_WARN__DUPLICATE_METHOD_MATCH = YES;
				CODE_SIGN_IDENTITY = "iPhone Developer";
				COPY_PHASE_STRIP = NO;
				DEBUG_INFORMATION_FORMAT = "dwarf-with-dsym";
				ENABLE_NS_ASSERTIONS = NO;
				ENABLE_STRICT_OBJC_MSGSEND = YES;
				GCC_C_LANGUAGE_STANDARD = gnu11;
				GCC_NO_COMMON_BLOCKS = YES;
				GCC_WARN_64_TO_32_BIT_CONVERSION = YES;
				GCC_WARN_ABOUT_RETURN_TYPE = YES_ERROR;
				GCC_WARN_UNDECLARED_SELECTOR = YES;
				GCC_WARN_UNINITIALIZED_AUTOS = YES_AGGRESSIVE;
				GCC_WARN_UNUSED_FUNCTION = YES;
				GCC_WARN_UNUSED_VARIABLE = YES;
				IPHONEOS_DEPLOYMENT_TARGET = 11.4;
				MTL_ENABLE_DEBUG_INFO = NO;
				SDKROOT = iphoneos;
				VALIDATE_PRODUCT = YES;
			};
			name = Release;
		};
		304957382124217B00902033 /* Debug */ = {
			isa = XCBuildConfiguration;
			baseConfigurationReference = 213927A6CA98236E413BC331 /* Pods-QKBrowser.debug.xcconfig */;
			buildSettings = {
				ASSETCATALOG_COMPILER_APPICON_NAME = AppIcon;
				CODE_SIGN_STYLE = Automatic;
				DEVELOPMENT_TEAM = 9G972Y7VEM;
				INFOPLIST_FILE = QKBrowser/Info.plist;
				LD_RUNPATH_SEARCH_PATHS = (
					"$(inherited)",
					"@executable_path/Frameworks",
				);
				PRODUCT_BUNDLE_IDENTIFIER = itcast.cn.qinkai.com.QKBrowser;
				PRODUCT_NAME = "$(TARGET_NAME)";
				TARGETED_DEVICE_FAMILY = "1,2";
			};
			name = Debug;
		};
		304957392124217B00902033 /* Release */ = {
			isa = XCBuildConfiguration;
			baseConfigurationReference = 5F9D0B6A825B6854E5242B74 /* Pods-QKBrowser.release.xcconfig */;
			buildSettings = {
				ASSETCATALOG_COMPILER_APPICON_NAME = AppIcon;
				CODE_SIGN_STYLE = Automatic;
				DEVELOPMENT_TEAM = 9G972Y7VEM;
				INFOPLIST_FILE = QKBrowser/Info.plist;
				LD_RUNPATH_SEARCH_PATHS = (
					"$(inherited)",
					"@executable_path/Frameworks",
				);
				PRODUCT_BUNDLE_IDENTIFIER = itcast.cn.qinkai.com.QKBrowser;
				PRODUCT_NAME = "$(TARGET_NAME)";
				TARGETED_DEVICE_FAMILY = "1,2";
			};
			name = Release;
		};
/* End XCBuildConfiguration section */

/* Begin XCConfigurationList section */
		3049571C2124217A00902033 /* Build configuration list for PBXProject "QKBrowser" */ = {
			isa = XCConfigurationList;
			buildConfigurations = (
				304957352124217B00902033 /* Debug */,
				304957362124217B00902033 /* Release */,
			);
			defaultConfigurationIsVisible = 0;
			defaultConfigurationName = Release;
		};
		304957372124217B00902033 /* Build configuration list for PBXNativeTarget "QKBrowser" */ = {
			isa = XCConfigurationList;
			buildConfigurations = (
				304957382124217B00902033 /* Debug */,
				304957392124217B00902033 /* Release */,
			);
			defaultConfigurationIsVisible = 0;
			defaultConfigurationName = Release;
		};
/* End XCConfigurationList section */
	};
	rootObject = 304957192124217A00902033 /* Project object */;
}
